
Microsoft Visual Studio Solution File, Format Version 12.00
# Visual Studio 15
VisualStudioVersion = 15.0.27130.2036
MinimumVisualStudioVersion = 10.0.40219.1
Project("{F184B08F-C81C-45F6-A57F-5ABD9991F28F}") = "ASP2018Sample", "ASP2018Sample\ASP2018Sample.vbproj", "{7864DA9E-89F3-4F47-ABBF-1D25D6C17EDA}"
EndProject
Global
	GlobalSection(SolutionConfigurationPlatforms) = preSolution
		Debug|Any CPU = Debug|Any CPU
		Release|Any CPU = Release|Any CPU
	EndGlobalSection
	GlobalSection(ProjectConfigurationPlatforms) = postSolution
		{7864DA9E-89F3-4F47-ABBF-1D25D6C17EDA}.Debug|Any CPU.ActiveCfg = Debug|Any CPU
		{7864DA9E-89F3-4F47-ABBF-1D25D6C17EDA}.Debug|Any CPU.Build.0 = Debug|Any CPU
		{7864DA9E-89F3-4F47-ABBF-1D25D6C17EDA}.Release|Any CPU.ActiveCfg = Release|Any CPU
		{7864DA9E-89F3-4F47-ABBF-1D25D6C17EDA}.Release|Any CPU.Build.0 = Release|Any CPU
	EndGlobalSection
	GlobalSection(SolutionProperties) = preSolution
		HideSolutionNode = FALSE
	EndGlobalSection
	GlobalSection(ExtensibilityGlobals) = postSolution
		SolutionGuid = {8809CC59-7FF9-48C0-8EA9-5AC65DF7E192}
	EndGlobalSection
EndGlobal
