
Microsoft Visual Studio Solution File, Format Version 12.00
# Visual Studio 15
VisualStudioVersion = 15.0.28307.136
MinimumVisualStudioVersion = 10.0.40219.1
Project("{FAE04EC0-301F-11D3-BF4B-00C04F79EFBC}") = "DataGridSQLExample", "DataGridSQLExample\DataGridSQLExample.csproj", "{DFE20870-0425-490B-80A0-26FC0588DCB1}"
EndProject
Global
	GlobalSection(SolutionConfigurationPlatforms) = preSolution
		Debug|Any CPU = Debug|Any CPU
		Release|Any CPU = Release|Any CPU
	EndGlobalSection
	GlobalSection(ProjectConfigurationPlatforms) = postSolution
		{DFE20870-0425-490B-80A0-26FC0588DCB1}.Debug|Any CPU.ActiveCfg = Debug|Any CPU
		{DFE20870-0425-490B-80A0-26FC0588DCB1}.Debug|Any CPU.Build.0 = Debug|Any CPU
		{DFE20870-0425-490B-80A0-26FC0588DCB1}.Release|Any CPU.ActiveCfg = Release|Any CPU
		{DFE20870-0425-490B-80A0-26FC0588DCB1}.Release|Any CPU.Build.0 = Release|Any CPU
	EndGlobalSection
	GlobalSection(SolutionProperties) = preSolution
		HideSolutionNode = FALSE
	EndGlobalSection
	GlobalSection(ExtensibilityGlobals) = postSolution
		SolutionGuid = {4F06DEF7-C9BE-49FC-B540-2D5BA1701576}
	EndGlobalSection
EndGlobal
